
Microsoft Visual Studio Solution File, Format Version 12.00
# Visual Studio 2012
Project("{FAE04EC0-301F-11D3-BF4B-00C04F79EFBC}") = "SmartCarCOMServer", "SmartCarCOMServer\SmartCarCOMServer.csproj", "{BE40B6B4-5370-4A02-9223-09FCB6265079}"
EndProject
Global
	GlobalSection(SolutionConfigurationPlatforms) = preSolution
		Debug|Any CPU = Debug|Any CPU
		Release|Any CPU = Release|Any CPU
	EndGlobalSection
	GlobalSection(ProjectConfigurationPlatforms) = postSolution
		{BE40B6B4-5370-4A02-9223-09FCB6265079}.Debug|Any CPU.ActiveCfg = Debug|Any CPU
		{BE40B6B4-5370-4A02-9223-09FCB6265079}.Debug|Any CPU.Build.0 = Debug|Any CPU
		{BE40B6B4-5370-4A02-9223-09FCB6265079}.Release|Any CPU.ActiveCfg = Release|Any CPU
		{BE40B6B4-5370-4A02-9223-09FCB6265079}.Release|Any CPU.Build.0 = Release|Any CPU
	EndGlobalSection
	GlobalSection(SolutionProperties) = preSolution
		HideSolutionNode = FALSE
	EndGlobalSection
EndGlobal
